PODS:
  - ZPlaceholderTextView (0.1.0)

DEPENDENCIES:
  - ZPlaceholderTextView (from `../`)

EXTERNAL SOURCES:
  ZPlaceholderTextView:
    :path: "../"

SPEC CHECKSUMS:
  ZPlaceholderTextView: 155b7e75713dc9ee36548e8f4bfd1fa9b0b75058

PODFILE CHECKSUM: ac3dc0e295ac16c777aef4669730ce6a9de17806

COCOAPODS: 1.1.0.beta.2
